
Microsoft Visual Studio Solution File, Format Version 12.00
# Visual Studio Version 16
VisualStudioVersion = 16.0.30804.86
MinimumVisualStudioVersion = 10.0.40219.1
Project("{FAE04EC0-301F-11D3-BF4B-00C04F79EFBC}") = "Pepper_Books", "Pepper_Books.csproj", "{6C3BA5EE-AD3A-4E40-B485-70197BEEFB20}"
EndProject
Global
	GlobalSection(SolutionConfigurationPlatforms) = preSolution
		Debug|Any CPU = Debug|Any CPU
		Release|Any CPU = Release|Any CPU
	EndGlobalSection
	GlobalSection(ProjectConfigurationPlatforms) = postSolution
		{6C3BA5EE-AD3A-4E40-B485-70197BEEFB20}.Debug|Any CPU.ActiveCfg = Debug|Any CPU
		{6C3BA5EE-AD3A-4E40-B485-70197BEEFB20}.Debug|Any CPU.Build.0 = Debug|Any CPU
		{6C3BA5EE-AD3A-4E40-B485-70197BEEFB20}.Release|Any CPU.ActiveCfg = Release|Any CPU
		{6C3BA5EE-AD3A-4E40-B485-70197BEEFB20}.Release|Any CPU.Build.0 = Release|Any CPU
	EndGlobalSection
	GlobalSection(SolutionProperties) = preSolution
		HideSolutionNode = FALSE
	EndGlobalSection
	GlobalSection(ExtensibilityGlobals) = postSolution
		SolutionGuid = {5BBEAEBE-48B1-40B7-B1C7-24E773EF2BD1}
	EndGlobalSection
EndGlobal
